
Microsoft Visual Studio Solution File, Format Version 12.00
# Visual Studio 15
VisualStudioVersion = 15.0.27703.2047
MinimumVisualStudioVersion = 10.0.40219.1
Project("{FAE04EC0-301F-11D3-BF4B-00C04F79EFBC}") = "字符串操作", "字符串操作\字符串操作.csproj", "{E453AE31-75B4-4560-823E-9E0AC0B4358A}"
EndProject
Project("{FAE04EC0-301F-11D3-BF4B-00C04F79EFBC}") = "基础算法", "基础算法\基础算法.csproj", "{86C74B71-1145-4956-B7FD-8C88560CA708}"
EndProject
Project("{FAE04EC0-301F-11D3-BF4B-00C04F79EFBC}") = "二维数组", "二维数组\二维数组.csproj", "{B4981FB5-D446-4B51-86AD-13980FD78AEB}"
EndProject
Project("{FAE04EC0-301F-11D3-BF4B-00C04F79EFBC}") = "设计模式", "设计模式\设计模式.csproj", "{2D1CDA8D-347F-4D50-A2F1-2CA8BACEA376}"
EndProject
Project("{FAE04EC0-301F-11D3-BF4B-00C04F79EFBC}") = "继承中的构造方法", "继承中的构造方法\继承中的构造方法.csproj", "{34899A9A-B1F7-4D71-90E3-D52D2163ADFF}"
EndProject
Project("{FAE04EC0-301F-11D3-BF4B-00C04F79EFBC}") = "枚举类", "枚举类\枚举类.csproj", "{4871CDAA-3AF1-436C-BF2B-353D4CAC2F19}"
EndProject
Project("{FAE04EC0-301F-11D3-BF4B-00C04F79EFBC}") = "结构", "结构\结构.csproj", "{B4CE1D7C-A7D8-479F-84BF-6D69F703765D}"
EndProject
Project("{FAE04EC0-301F-11D3-BF4B-00C04F79EFBC}") = "静态类", "静态类\静态类.csproj", "{8A8EA20C-849F-41E3-B493-8FA521138531}"
EndProject
Project("{FAE04EC0-301F-11D3-BF4B-00C04F79EFBC}") = "密封类", "密封类\密封类.csproj", "{B479E816-4A5D-4099-9996-3F27F94D17DB}"
EndProject
Project("{FAE04EC0-301F-11D3-BF4B-00C04F79EFBC}") = "运算符的重载", "运算符的重载\运算符的重载.csproj", "{0367DC02-7D6F-4122-856D-746EFB224DBA}"
EndProject
Project("{FAE04EC0-301F-11D3-BF4B-00C04F79EFBC}") = "抽象类", "抽象类\抽象类.csproj", "{7485DE3D-0AA8-48B1-9D40-A8964D2899BF}"
EndProject
Project("{FAE04EC0-301F-11D3-BF4B-00C04F79EFBC}") = "接口", "接口\接口.csproj", "{F9EF7299-C69A-4733-83FC-2C8AF7BB8929}"
EndProject
Project("{FAE04EC0-301F-11D3-BF4B-00C04F79EFBC}") = "电话簿管理器项目", "电话簿管理器项目\电话簿管理器项目.csproj", "{B708C56B-71FA-4777-82AB-7B0085A4B638}"
EndProject
Project("{FAE04EC0-301F-11D3-BF4B-00C04F79EFBC}") = "委托", "委托\委托.csproj", "{E3D51E9E-0273-4C1A-B14B-EE652C17A6AB}"
EndProject
Project("{FAE04EC0-301F-11D3-BF4B-00C04F79EFBC}") = "HashTableDemo", "HashTableDemo\HashTableDemo.csproj", "{B1EB869E-AD34-424D-96EC-565A3C4D0668}"
EndProject
Project("{FAE04EC0-301F-11D3-BF4B-00C04F79EFBC}") = "委托实际案例", "委托实际案例\委托实际案例.csproj", "{B3E86B92-BD2B-44B3-8088-CC6ED1682CDF}"
EndProject
Project("{FAE04EC0-301F-11D3-BF4B-00C04F79EFBC}") = "委托进阶", "委托进阶\委托进阶.csproj", "{634EA534-65DC-41DE-BA34-D3AD3F0F4A4C}"
EndProject
Project("{FAE04EC0-301F-11D3-BF4B-00C04F79EFBC}") = "委托进阶2", "委托进阶2\委托进阶2.csproj", "{CF35F131-91C0-40F6-A9BB-9565128EF74E}"
EndProject
Project("{FAE04EC0-301F-11D3-BF4B-00C04F79EFBC}") = "Action委托", "Action委托\Action委托.csproj", "{666F2564-4377-4260-8640-F89B9C3BB133}"
EndProject
Project("{FAE04EC0-301F-11D3-BF4B-00C04F79EFBC}") = "List的常用方法", "List的常用方法\List的常用方法.csproj", "{3228C32E-C3B4-440A-BDBE-F7906797AE84}"
EndProject
Project("{FAE04EC0-301F-11D3-BF4B-00C04F79EFBC}") = "DelegatePerson例子", "DelegatePerson例子\DelegatePerson例子.csproj", "{341536BD-50D0-48DC-A257-CD6F96DFAC18}"
EndProject
Project("{FAE04EC0-301F-11D3-BF4B-00C04F79EFBC}") = "接口回调", "接口回调\接口回调.csproj", "{E2B30582-DBCE-4140-B9FA-F003BDC14F20}"
EndProject
Project("{FAE04EC0-301F-11D3-BF4B-00C04F79EFBC}") = "Linq基础", "Linq基础\Linq基础.csproj", "{DCD60834-3394-42DE-8D94-766863DB3631}"
EndProject
Project("{FAE04EC0-301F-11D3-BF4B-00C04F79EFBC}") = "自定义异常", "自定义异常\自定义异常.csproj", "{56FDD1AF-13C8-40BA-AB43-DF810D19A752}"
EndProject
Global
	GlobalSection(SolutionConfigurationPlatforms) = preSolution
		Debug|Any CPU = Debug|Any CPU
		Release|Any CPU = Release|Any CPU
	EndGlobalSection
	GlobalSection(ProjectConfigurationPlatforms) = postSolution
		{E453AE31-75B4-4560-823E-9E0AC0B4358A}.Debug|Any CPU.ActiveCfg = Debug|Any CPU
		{E453AE31-75B4-4560-823E-9E0AC0B4358A}.Debug|Any CPU.Build.0 = Debug|Any CPU
		{E453AE31-75B4-4560-823E-9E0AC0B4358A}.Release|Any CPU.ActiveCfg = Release|Any CPU
		{E453AE31-75B4-4560-823E-9E0AC0B4358A}.Release|Any CPU.Build.0 = Release|Any CPU
		{86C74B71-1145-4956-B7FD-8C88560CA708}.Debug|Any CPU.ActiveCfg = Debug|Any CPU
		{86C74B71-1145-4956-B7FD-8C88560CA708}.Debug|Any CPU.Build.0 = Debug|Any CPU
		{86C74B71-1145-4956-B7FD-8C88560CA708}.Release|Any CPU.ActiveCfg = Release|Any CPU
		{86C74B71-1145-4956-B7FD-8C88560CA708}.Release|Any CPU.Build.0 = Release|Any CPU
		{B4981FB5-D446-4B51-86AD-13980FD78AEB}.Debug|Any CPU.ActiveCfg = Debug|Any CPU
		{B4981FB5-D446-4B51-86AD-13980FD78AEB}.Debug|Any CPU.Build.0 = Debug|Any CPU
		{B4981FB5-D446-4B51-86AD-13980FD78AEB}.Release|Any CPU.ActiveCfg = Release|Any CPU
		{B4981FB5-D446-4B51-86AD-13980FD78AEB}.Release|Any CPU.Build.0 = Release|Any CPU
		{2D1CDA8D-347F-4D50-A2F1-2CA8BACEA376}.Debug|Any CPU.ActiveCfg = Debug|Any CPU
		{2D1CDA8D-347F-4D50-A2F1-2CA8BACEA376}.Debug|Any CPU.Build.0 = Debug|Any CPU
		{2D1CDA8D-347F-4D50-A2F1-2CA8BACEA376}.Release|Any CPU.ActiveCfg = Release|Any CPU
		{2D1CDA8D-347F-4D50-A2F1-2CA8BACEA376}.Release|Any CPU.Build.0 = Release|Any CPU
		{34899A9A-B1F7-4D71-90E3-D52D2163ADFF}.Debug|Any CPU.ActiveCfg = Debug|Any CPU
		{34899A9A-B1F7-4D71-90E3-D52D2163ADFF}.Debug|Any CPU.Build.0 = Debug|Any CPU
		{34899A9A-B1F7-4D71-90E3-D52D2163ADFF}.Release|Any CPU.ActiveCfg = Release|Any CPU
		{34899A9A-B1F7-4D71-90E3-D52D2163ADFF}.Release|Any CPU.Build.0 = Release|Any CPU
		{4871CDAA-3AF1-436C-BF2B-353D4CAC2F19}.Debug|Any CPU.ActiveCfg = Debug|Any CPU
		{4871CDAA-3AF1-436C-BF2B-353D4CAC2F19}.Debug|Any CPU.Build.0 = Debug|Any CPU
		{4871CDAA-3AF1-436C-BF2B-353D4CAC2F19}.Release|Any CPU.ActiveCfg = Release|Any CPU
		{4871CDAA-3AF1-436C-BF2B-353D4CAC2F19}.Release|Any CPU.Build.0 = Release|Any CPU
		{B4CE1D7C-A7D8-479F-84BF-6D69F703765D}.Debug|Any CPU.ActiveCfg = Debug|Any CPU
		{B4CE1D7C-A7D8-479F-84BF-6D69F703765D}.Debug|Any CPU.Build.0 = Debug|Any CPU
		{B4CE1D7C-A7D8-479F-84BF-6D69F703765D}.Release|Any CPU.ActiveCfg = Release|Any CPU
		{B4CE1D7C-A7D8-479F-84BF-6D69F703765D}.Release|Any CPU.Build.0 = Release|Any CPU
		{8A8EA20C-849F-41E3-B493-8FA521138531}.Debug|Any CPU.ActiveCfg = Debug|Any CPU
		{8A8EA20C-849F-41E3-B493-8FA521138531}.Debug|Any CPU.Build.0 = Debug|Any CPU
		{8A8EA20C-849F-41E3-B493-8FA521138531}.Release|Any CPU.ActiveCfg = Release|Any CPU
		{8A8EA20C-849F-41E3-B493-8FA521138531}.Release|Any CPU.Build.0 = Release|Any CPU
		{B479E816-4A5D-4099-9996-3F27F94D17DB}.Debug|Any CPU.ActiveCfg = Debug|Any CPU
		{B479E816-4A5D-4099-9996-3F27F94D17DB}.Debug|Any CPU.Build.0 = Debug|Any CPU
		{B479E816-4A5D-4099-9996-3F27F94D17DB}.Release|Any CPU.ActiveCfg = Release|Any CPU
		{B479E816-4A5D-4099-9996-3F27F94D17DB}.Release|Any CPU.Build.0 = Release|Any CPU
		{0367DC02-7D6F-4122-856D-746EFB224DBA}.Debug|Any CPU.ActiveCfg = Debug|Any CPU
		{0367DC02-7D6F-4122-856D-746EFB224DBA}.Debug|Any CPU.Build.0 = Debug|Any CPU
		{0367DC02-7D6F-4122-856D-746EFB224DBA}.Release|Any CPU.ActiveCfg = Release|Any CPU
		{0367DC02-7D6F-4122-856D-746EFB224DBA}.Release|Any CPU.Build.0 = Release|Any CPU
		{7485DE3D-0AA8-48B1-9D40-A8964D2899BF}.Debug|Any CPU.ActiveCfg = Debug|Any CPU
		{7485DE3D-0AA8-48B1-9D40-A8964D2899BF}.Debug|Any CPU.Build.0 = Debug|Any CPU
		{7485DE3D-0AA8-48B1-9D40-A8964D2899BF}.Release|Any CPU.ActiveCfg = Release|Any CPU
		{7485DE3D-0AA8-48B1-9D40-A8964D2899BF}.Release|Any CPU.Build.0 = Release|Any CPU
		{F9EF7299-C69A-4733-83FC-2C8AF7BB8929}.Debug|Any CPU.ActiveCfg = Debug|Any CPU
		{F9EF7299-C69A-4733-83FC-2C8AF7BB8929}.Debug|Any CPU.Build.0 = Debug|Any CPU
		{F9EF7299-C69A-4733-83FC-2C8AF7BB8929}.Release|Any CPU.ActiveCfg = Release|Any CPU
		{F9EF7299-C69A-4733-83FC-2C8AF7BB8929}.Release|Any CPU.Build.0 = Release|Any CPU
		{B708C56B-71FA-4777-82AB-7B0085A4B638}.Debug|Any CPU.ActiveCfg = Debug|Any CPU
		{B708C56B-71FA-4777-82AB-7B0085A4B638}.Debug|Any CPU.Build.0 = Debug|Any CPU
		{B708C56B-71FA-4777-82AB-7B0085A4B638}.Release|Any CPU.ActiveCfg = Release|Any CPU
		{B708C56B-71FA-4777-82AB-7B0085A4B638}.Release|Any CPU.Build.0 = Release|Any CPU
		{E3D51E9E-0273-4C1A-B14B-EE652C17A6AB}.Debug|Any CPU.ActiveCfg = Debug|Any CPU
		{E3D51E9E-0273-4C1A-B14B-EE652C17A6AB}.Debug|Any CPU.Build.0 = Debug|Any CPU
		{E3D51E9E-0273-4C1A-B14B-EE652C17A6AB}.Release|Any CPU.ActiveCfg = Release|Any CPU
		{E3D51E9E-0273-4C1A-B14B-EE652C17A6AB}.Release|Any CPU.Build.0 = Release|Any CPU
		{B1EB869E-AD34-424D-96EC-565A3C4D0668}.Debug|Any CPU.ActiveCfg = Debug|Any CPU
		{B1EB869E-AD34-424D-96EC-565A3C4D0668}.Debug|Any CPU.Build.0 = Debug|Any CPU
		{B1EB869E-AD34-424D-96EC-565A3C4D0668}.Release|Any CPU.ActiveCfg = Release|Any CPU
		{B1EB869E-AD34-424D-96EC-565A3C4D0668}.Release|Any CPU.Build.0 = Release|Any CPU
		{B3E86B92-BD2B-44B3-8088-CC6ED1682CDF}.Debug|Any CPU.ActiveCfg = Debug|Any CPU
		{B3E86B92-BD2B-44B3-8088-CC6ED1682CDF}.Debug|Any CPU.Build.0 = Debug|Any CPU
		{B3E86B92-BD2B-44B3-8088-CC6ED1682CDF}.Release|Any CPU.ActiveCfg = Release|Any CPU
		{B3E86B92-BD2B-44B3-8088-CC6ED1682CDF}.Release|Any CPU.Build.0 = Release|Any CPU
		{634EA534-65DC-41DE-BA34-D3AD3F0F4A4C}.Debug|Any CPU.ActiveCfg = Debug|Any CPU
		{634EA534-65DC-41DE-BA34-D3AD3F0F4A4C}.Debug|Any CPU.Build.0 = Debug|Any CPU
		{634EA534-65DC-41DE-BA34-D3AD3F0F4A4C}.Release|Any CPU.ActiveCfg = Release|Any CPU
		{634EA534-65DC-41DE-BA34-D3AD3F0F4A4C}.Release|Any CPU.Build.0 = Release|Any CPU
		{CF35F131-91C0-40F6-A9BB-9565128EF74E}.Debug|Any CPU.ActiveCfg = Debug|Any CPU
		{CF35F131-91C0-40F6-A9BB-9565128EF74E}.Debug|Any CPU.Build.0 = Debug|Any CPU
		{CF35F131-91C0-40F6-A9BB-9565128EF74E}.Release|Any CPU.ActiveCfg = Release|Any CPU
		{CF35F131-91C0-40F6-A9BB-9565128EF74E}.Release|Any CPU.Build.0 = Release|Any CPU
		{666F2564-4377-4260-8640-F89B9C3BB133}.Debug|Any CPU.ActiveCfg = Debug|Any CPU
		{666F2564-4377-4260-8640-F89B9C3BB133}.Debug|Any CPU.Build.0 = Debug|Any CPU
		{666F2564-4377-4260-8640-F89B9C3BB133}.Release|Any CPU.ActiveCfg = Release|Any CPU
		{666F2564-4377-4260-8640-F89B9C3BB133}.Release|Any CPU.Build.0 = Release|Any CPU
		{3228C32E-C3B4-440A-BDBE-F7906797AE84}.Debug|Any CPU.ActiveCfg = Debug|Any CPU
		{3228C32E-C3B4-440A-BDBE-F7906797AE84}.Debug|Any CPU.Build.0 = Debug|Any CPU
		{3228C32E-C3B4-440A-BDBE-F7906797AE84}.Release|Any CPU.ActiveCfg = Release|Any CPU
		{3228C32E-C3B4-440A-BDBE-F7906797AE84}.Release|Any CPU.Build.0 = Release|Any CPU
		{341536BD-50D0-48DC-A257-CD6F96DFAC18}.Debug|Any CPU.ActiveCfg = Debug|Any CPU
		{341536BD-50D0-48DC-A257-CD6F96DFAC18}.Debug|Any CPU.Build.0 = Debug|Any CPU
		{341536BD-50D0-48DC-A257-CD6F96DFAC18}.Release|Any CPU.ActiveCfg = Release|Any CPU
		{341536BD-50D0-48DC-A257-CD6F96DFAC18}.Release|Any CPU.Build.0 = Release|Any CPU
		{E2B30582-DBCE-4140-B9FA-F003BDC14F20}.Debug|Any CPU.ActiveCfg = Debug|Any CPU
		{E2B30582-DBCE-4140-B9FA-F003BDC14F20}.Debug|Any CPU.Build.0 = Debug|Any CPU
		{E2B30582-DBCE-4140-B9FA-F003BDC14F20}.Release|Any CPU.ActiveCfg = Release|Any CPU
		{E2B30582-DBCE-4140-B9FA-F003BDC14F20}.Release|Any CPU.Build.0 = Release|Any CPU
		{DCD60834-3394-42DE-8D94-766863DB3631}.Debug|Any CPU.ActiveCfg = Debug|Any CPU
		{DCD60834-3394-42DE-8D94-766863DB3631}.Debug|Any CPU.Build.0 = Debug|Any CPU
		{DCD60834-3394-42DE-8D94-766863DB3631}.Release|Any CPU.ActiveCfg = Release|Any CPU
		{DCD60834-3394-42DE-8D94-766863DB3631}.Release|Any CPU.Build.0 = Release|Any CPU
		{56FDD1AF-13C8-40BA-AB43-DF810D19A752}.Debug|Any CPU.ActiveCfg = Debug|Any CPU
		{56FDD1AF-13C8-40BA-AB43-DF810D19A752}.Debug|Any CPU.Build.0 = Debug|Any CPU
		{56FDD1AF-13C8-40BA-AB43-DF810D19A752}.Release|Any CPU.ActiveCfg = Release|Any CPU
		{56FDD1AF-13C8-40BA-AB43-DF810D19A752}.Release|Any CPU.Build.0 = Release|Any CPU
	EndGlobalSection
	GlobalSection(SolutionProperties) = preSolution
		HideSolutionNode = FALSE
	EndGlobalSection
	GlobalSection(ExtensibilityGlobals) = postSolution
		SolutionGuid = {F55FBB69-3A8A-4231-B2AF-4DBD10E7355E}
	EndGlobalSection
EndGlobal
